
Microsoft Visual Studio Solution File, Format Version 12.00
# Visual Studio 15
VisualStudioVersion = 15.0.28307.572
MinimumVisualStudioVersion = 10.0.40219.1
Project("{FAE04EC0-301F-11D3-BF4B-00C04F79EFBC}") = "MVC_Otel_Agac", "MVC_Otel_Agac\MVC_Otel_Agac.csproj", "{8C06DE38-985A-4F5C-9D56-E4087E8C9478}"
EndProject
Global
	GlobalSection(SolutionConfigurationPlatforms) = preSolution
		Debug|Any CPU = Debug|Any CPU
		Release|Any CPU = Release|Any CPU
	EndGlobalSection
	GlobalSection(ProjectConfigurationPlatforms) = postSolution
		{8C06DE38-985A-4F5C-9D56-E4087E8C9478}.Debug|Any CPU.ActiveCfg = Debug|Any CPU
		{8C06DE38-985A-4F5C-9D56-E4087E8C9478}.Debug|Any CPU.Build.0 = Debug|Any CPU
		{8C06DE38-985A-4F5C-9D56-E4087E8C9478}.Release|Any CPU.ActiveCfg = Release|Any CPU
		{8C06DE38-985A-4F5C-9D56-E4087E8C9478}.Release|Any CPU.Build.0 = Release|Any CPU
	EndGlobalSection
	GlobalSection(SolutionProperties) = preSolution
		HideSolutionNode = FALSE
	EndGlobalSection
	GlobalSection(ExtensibilityGlobals) = postSolution
		SolutionGuid = {67B94D98-6AF2-4829-8438-5FD0D9D4CED7}
	EndGlobalSection
EndGlobal
